
Microsoft Visual Studio Solution File, Format Version 12.00
# Visual Studio Version 16
VisualStudioVersion = 16.0.29728.190
MinimumVisualStudioVersion = 10.0.40219.1
Project("{FAE04EC0-301F-11D3-BF4B-00C04F79EFBC}") = "Internet", "Internet\Internet.csproj", "{3AE03DAA-84AD-44BB-960E-8BE268D8D1F0}"
EndProject
Global
	GlobalSection(SolutionConfigurationPlatforms) = preSolution
		Debug|Any CPU = Debug|Any CPU
		Release|Any CPU = Release|Any CPU
	EndGlobalSection
	GlobalSection(ProjectConfigurationPlatforms) = postSolution
		{3AE03DAA-84AD-44BB-960E-8BE268D8D1F0}.Debug|Any CPU.ActiveCfg = Debug|Any CPU
		{3AE03DAA-84AD-44BB-960E-8BE268D8D1F0}.Debug|Any CPU.Build.0 = Debug|Any CPU
		{3AE03DAA-84AD-44BB-960E-8BE268D8D1F0}.Release|Any CPU.ActiveCfg = Release|Any CPU
		{3AE03DAA-84AD-44BB-960E-8BE268D8D1F0}.Release|Any CPU.Build.0 = Release|Any CPU
	EndGlobalSection
	GlobalSection(SolutionProperties) = preSolution
		HideSolutionNode = FALSE
	EndGlobalSection
	GlobalSection(ExtensibilityGlobals) = postSolution
		SolutionGuid = {C45A1135-98CA-4EBE-9BB7-2A185FC4C63F}
	EndGlobalSection
EndGlobal
